
Microsoft Visual Studio Solution File, Format Version 12.00
# Visual Studio Version 16
VisualStudioVersion = 16.0.29418.71
MinimumVisualStudioVersion = 10.0.40219.1
Project("{FAE04EC0-301F-11D3-BF4B-00C04F79EFBC}") = "BankUserInfo.Web", "BankUserInfo\BankUserInfo.Web.csproj", "{859F29A2-A501-412D-9327-8B8477A20941}"
EndProject
Project("{FAE04EC0-301F-11D3-BF4B-00C04F79EFBC}") = "BankUserInfo.Common", "BankUserInfo.Common\BankUserInfo.Common.csproj", "{C9348CC4-9820-4ED3-B9E6-C5A0B56D9648}"
EndProject
Project("{FAE04EC0-301F-11D3-BF4B-00C04F79EFBC}") = "BankUserInfo.Entities", "BankUserInfo.Entities\BankUserInfo.Entities.csproj", "{AE62740A-B48F-48DC-8E9F-53F88D78D0E6}"
EndProject
Project("{FAE04EC0-301F-11D3-BF4B-00C04F79EFBC}") = "BankUserInfo.Repo", "BankUserInfo.Repo\BankUserInfo.Repo.csproj", "{1BF2870C-A51E-460B-8E49-EF1C0E6F5000}"
EndProject
Project("{FAE04EC0-301F-11D3-BF4B-00C04F79EFBC}") = "BankUserInfo.Services", "BankUserInfo.Services\BankUserInfo.Services.csproj", "{D975134D-0950-49FC-A061-08EEA1F8449A}"
EndProject
Global
	GlobalSection(SolutionConfigurationPlatforms) = preSolution
		Debug|Any CPU = Debug|Any CPU
		Release|Any CPU = Release|Any CPU
	EndGlobalSection
	GlobalSection(ProjectConfigurationPlatforms) = postSolution
		{859F29A2-A501-412D-9327-8B8477A20941}.Debug|Any CPU.ActiveCfg = Debug|Any CPU
		{859F29A2-A501-412D-9327-8B8477A20941}.Debug|Any CPU.Build.0 = Debug|Any CPU
		{859F29A2-A501-412D-9327-8B8477A20941}.Release|Any CPU.ActiveCfg = Release|Any CPU
		{859F29A2-A501-412D-9327-8B8477A20941}.Release|Any CPU.Build.0 = Release|Any CPU
		{C9348CC4-9820-4ED3-B9E6-C5A0B56D9648}.Debug|Any CPU.ActiveCfg = Debug|Any CPU
		{C9348CC4-9820-4ED3-B9E6-C5A0B56D9648}.Debug|Any CPU.Build.0 = Debug|Any CPU
		{C9348CC4-9820-4ED3-B9E6-C5A0B56D9648}.Release|Any CPU.ActiveCfg = Release|Any CPU
		{C9348CC4-9820-4ED3-B9E6-C5A0B56D9648}.Release|Any CPU.Build.0 = Release|Any CPU
		{AE62740A-B48F-48DC-8E9F-53F88D78D0E6}.Debug|Any CPU.ActiveCfg = Debug|Any CPU
		{AE62740A-B48F-48DC-8E9F-53F88D78D0E6}.Debug|Any CPU.Build.0 = Debug|Any CPU
		{AE62740A-B48F-48DC-8E9F-53F88D78D0E6}.Release|Any CPU.ActiveCfg = Release|Any CPU
		{AE62740A-B48F-48DC-8E9F-53F88D78D0E6}.Release|Any CPU.Build.0 = Release|Any CPU
		{1BF2870C-A51E-460B-8E49-EF1C0E6F5000}.Debug|Any CPU.ActiveCfg = Debug|Any CPU
		{1BF2870C-A51E-460B-8E49-EF1C0E6F5000}.Debug|Any CPU.Build.0 = Debug|Any CPU
		{1BF2870C-A51E-460B-8E49-EF1C0E6F5000}.Release|Any CPU.ActiveCfg = Release|Any CPU
		{1BF2870C-A51E-460B-8E49-EF1C0E6F5000}.Release|Any CPU.Build.0 = Release|Any CPU
		{D975134D-0950-49FC-A061-08EEA1F8449A}.Debug|Any CPU.ActiveCfg = Debug|Any CPU
		{D975134D-0950-49FC-A061-08EEA1F8449A}.Debug|Any CPU.Build.0 = Debug|Any CPU
		{D975134D-0950-49FC-A061-08EEA1F8449A}.Release|Any CPU.ActiveCfg = Release|Any CPU
		{D975134D-0950-49FC-A061-08EEA1F8449A}.Release|Any CPU.Build.0 = Release|Any CPU
	EndGlobalSection
	GlobalSection(SolutionProperties) = preSolution
		HideSolutionNode = FALSE
	EndGlobalSection
	GlobalSection(ExtensibilityGlobals) = postSolution
		SolutionGuid = {A25E62C4-3BA4-4BDF-8C3F-609B01D900AD}
	EndGlobalSection
EndGlobal
